
Microsoft Visual Studio Solution File, Format Version 12.00
# Visual Studio 15
VisualStudioVersion = 15.0.27428.2043
MinimumVisualStudioVersion = 10.0.40219.1
Project("{F184B08F-C81C-45F6-A57F-5ABD9991F28F}") = "Clinica.API", "Clinica.API\Clinica.API.vbproj", "{A95E4CC7-65FB-44D8-B90C-A09CDCDD400A}"
EndProject
Project("{FAE04EC0-301F-11D3-BF4B-00C04F79EFBC}") = "Clinica.Constantes", "Clinica.Constantes\Clinica.Constantes.csproj", "{BAED250C-9E59-404D-BE97-017489D79DAC}"
EndProject
Project("{FAE04EC0-301F-11D3-BF4B-00C04F79EFBC}") = "Clinica.DataAccess", "Clinica.DataAccess\Clinica.DataAccess.csproj", "{858BBE1F-8C77-46F9-AB39-D94C676F2582}"
EndProject
Project("{FAE04EC0-301F-11D3-BF4B-00C04F79EFBC}") = "Clinica.Extensiones", "Clinica.Extensiones\Clinica.Extensiones.csproj", "{F7B91191-6346-4FEE-B7FD-D1A04A6894FB}"
EndProject
Project("{FAE04EC0-301F-11D3-BF4B-00C04F79EFBC}") = "Clinica.Recursos", "Clinica.Recursos\Clinica.Recursos.csproj", "{57653458-B160-4085-B67F-F6B805D310AB}"
EndProject
Project("{FAE04EC0-301F-11D3-BF4B-00C04F79EFBC}") = "Clinica.Services", "Clinica.Services\Clinica.Services.csproj", "{BDDBB072-84E0-4FCD-A7E0-FB1ED33A710D}"
EndProject
Project("{F184B08F-C81C-45F6-A57F-5ABD9991F28F}") = "Clinica.Web", "Clinica.Web\Clinica.Web.vbproj", "{0A0D5176-4DDE-4747-804F-3131E43DD801}"
EndProject
Project("{FAE04EC0-301F-11D3-BF4B-00C04F79EFBC}") = "Clinica.Services.Tests", "Clinica.Services.Tests\Clinica.Services.Tests.csproj", "{871E8F98-8F38-471D-9B77-CAC4622A02B6}"
EndProject
Global
	GlobalSection(SolutionConfigurationPlatforms) = preSolution
		Debug|Any CPU = Debug|Any CPU
		Release|Any CPU = Release|Any CPU
	EndGlobalSection
	GlobalSection(ProjectConfigurationPlatforms) = postSolution
		{A95E4CC7-65FB-44D8-B90C-A09CDCDD400A}.Debug|Any CPU.ActiveCfg = Debug|Any CPU
		{A95E4CC7-65FB-44D8-B90C-A09CDCDD400A}.Debug|Any CPU.Build.0 = Debug|Any CPU
		{A95E4CC7-65FB-44D8-B90C-A09CDCDD400A}.Release|Any CPU.ActiveCfg = Release|Any CPU
		{A95E4CC7-65FB-44D8-B90C-A09CDCDD400A}.Release|Any CPU.Build.0 = Release|Any CPU
		{BAED250C-9E59-404D-BE97-017489D79DAC}.Debug|Any CPU.ActiveCfg = Debug|Any CPU
		{BAED250C-9E59-404D-BE97-017489D79DAC}.Debug|Any CPU.Build.0 = Debug|Any CPU
		{BAED250C-9E59-404D-BE97-017489D79DAC}.Release|Any CPU.ActiveCfg = Release|Any CPU
		{BAED250C-9E59-404D-BE97-017489D79DAC}.Release|Any CPU.Build.0 = Release|Any CPU
		{858BBE1F-8C77-46F9-AB39-D94C676F2582}.Debug|Any CPU.ActiveCfg = Debug|Any CPU
		{858BBE1F-8C77-46F9-AB39-D94C676F2582}.Debug|Any CPU.Build.0 = Debug|Any CPU
		{858BBE1F-8C77-46F9-AB39-D94C676F2582}.Release|Any CPU.ActiveCfg = Release|Any CPU
		{858BBE1F-8C77-46F9-AB39-D94C676F2582}.Release|Any CPU.Build.0 = Release|Any CPU
		{F7B91191-6346-4FEE-B7FD-D1A04A6894FB}.Debug|Any CPU.ActiveCfg = Debug|Any CPU
		{F7B91191-6346-4FEE-B7FD-D1A04A6894FB}.Debug|Any CPU.Build.0 = Debug|Any CPU
		{F7B91191-6346-4FEE-B7FD-D1A04A6894FB}.Release|Any CPU.ActiveCfg = Release|Any CPU
		{F7B91191-6346-4FEE-B7FD-D1A04A6894FB}.Release|Any CPU.Build.0 = Release|Any CPU
		{57653458-B160-4085-B67F-F6B805D310AB}.Debug|Any CPU.ActiveCfg = Debug|Any CPU
		{57653458-B160-4085-B67F-F6B805D310AB}.Debug|Any CPU.Build.0 = Debug|Any CPU
		{57653458-B160-4085-B67F-F6B805D310AB}.Release|Any CPU.ActiveCfg = Release|Any CPU
		{57653458-B160-4085-B67F-F6B805D310AB}.Release|Any CPU.Build.0 = Release|Any CPU
		{BDDBB072-84E0-4FCD-A7E0-FB1ED33A710D}.Debug|Any CPU.ActiveCfg = Debug|Any CPU
		{BDDBB072-84E0-4FCD-A7E0-FB1ED33A710D}.Debug|Any CPU.Build.0 = Debug|Any CPU
		{BDDBB072-84E0-4FCD-A7E0-FB1ED33A710D}.Release|Any CPU.ActiveCfg = Release|Any CPU
		{BDDBB072-84E0-4FCD-A7E0-FB1ED33A710D}.Release|Any CPU.Build.0 = Release|Any CPU
		{0A0D5176-4DDE-4747-804F-3131E43DD801}.Debug|Any CPU.ActiveCfg = Debug|Any CPU
		{0A0D5176-4DDE-4747-804F-3131E43DD801}.Debug|Any CPU.Build.0 = Debug|Any CPU
		{0A0D5176-4DDE-4747-804F-3131E43DD801}.Release|Any CPU.ActiveCfg = Release|Any CPU
		{0A0D5176-4DDE-4747-804F-3131E43DD801}.Release|Any CPU.Build.0 = Release|Any CPU
		{871E8F98-8F38-471D-9B77-CAC4622A02B6}.Debug|Any CPU.ActiveCfg = Debug|Any CPU
		{871E8F98-8F38-471D-9B77-CAC4622A02B6}.Debug|Any CPU.Build.0 = Debug|Any CPU
		{871E8F98-8F38-471D-9B77-CAC4622A02B6}.Release|Any CPU.ActiveCfg = Release|Any CPU
		{871E8F98-8F38-471D-9B77-CAC4622A02B6}.Release|Any CPU.Build.0 = Release|Any CPU
	EndGlobalSection
	GlobalSection(SolutionProperties) = preSolution
		HideSolutionNode = FALSE
	EndGlobalSection
	GlobalSection(ExtensibilityGlobals) = postSolution
		SolutionGuid = {F90E3724-E892-48B3-8FC5-D51DDA04D51E}
	EndGlobalSection
EndGlobal
